
Microsoft Visual Studio Solution File, Format Version 12.00
# Visual Studio Version 17
VisualStudioVersion = 17.2.32630.192
MinimumVisualStudioVersion = 10.0.40219.1
Project("{FAE04EC0-301F-11D3-BF4B-00C04F79EFBC}") = "Reverse A String", "Reverse A String\Reverse A String.csproj", "{152A2F3F-685B-4709-A809-933661EE3EE7}"
EndProject
Global
	GlobalSection(SolutionConfigurationPlatforms) = preSolution
		Debug|Any CPU = Debug|Any CPU
		Release|Any CPU = Release|Any CPU
	EndGlobalSection
	GlobalSection(ProjectConfigurationPlatforms) = postSolution
		{152A2F3F-685B-4709-A809-933661EE3EE7}.Debug|Any CPU.ActiveCfg = Debug|Any CPU
		{152A2F3F-685B-4709-A809-933661EE3EE7}.Debug|Any CPU.Build.0 = Debug|Any CPU
		{152A2F3F-685B-4709-A809-933661EE3EE7}.Release|Any CPU.ActiveCfg = Release|Any CPU
		{152A2F3F-685B-4709-A809-933661EE3EE7}.Release|Any CPU.Build.0 = Release|Any CPU
	EndGlobalSection
	GlobalSection(SolutionProperties) = preSolution
		HideSolutionNode = FALSE
	EndGlobalSection
	GlobalSection(ExtensibilityGlobals) = postSolution
		SolutionGuid = {9EC48802-A0DD-44BF-AFBD-EE1320EB5FF3}
	EndGlobalSection
EndGlobal
